
Microsoft Visual Studio Solution File, Format Version 12.00
# Visual Studio Version 16
VisualStudioVersion = 16.0.32929.386
MinimumVisualStudioVersion = 10.0.40219.1
Project("{9A19103F-16F7-4668-BE54-9A1E7A4F7556}") = "ObjectInformation", "ObjectInformation\ObjectInformation.csproj", "{2319BF4C-79DB-4788-BAEF-9FEAC4FC59C6}"
EndProject
Global
	GlobalSection(SolutionConfigurationPlatforms) = preSolution
		Debug|Any CPU = Debug|Any CPU
		Debug|x64 = Debug|x64
		Release|Any CPU = Release|Any CPU
		Release|x64 = Release|x64
	EndGlobalSection
	GlobalSection(ProjectConfigurationPlatforms) = postSolution
		{2319BF4C-79DB-4788-BAEF-9FEAC4FC59C6}.Debug|Any CPU.ActiveCfg = Debug|Any CPU
		{2319BF4C-79DB-4788-BAEF-9FEAC4FC59C6}.Debug|Any CPU.Build.0 = Debug|Any CPU
		{2319BF4C-79DB-4788-BAEF-9FEAC4FC59C6}.Debug|x64.ActiveCfg = Debug|x64
		{2319BF4C-79DB-4788-BAEF-9FEAC4FC59C6}.Debug|x64.Build.0 = Debug|x64
		{2319BF4C-79DB-4788-BAEF-9FEAC4FC59C6}.Release|Any CPU.ActiveCfg = Release|Any CPU
		{2319BF4C-79DB-4788-BAEF-9FEAC4FC59C6}.Release|Any CPU.Build.0 = Release|Any CPU
		{2319BF4C-79DB-4788-BAEF-9FEAC4FC59C6}.Release|x64.ActiveCfg = Release|x64
		{2319BF4C-79DB-4788-BAEF-9FEAC4FC59C6}.Release|x64.Build.0 = Release|x64
	EndGlobalSection
	GlobalSection(SolutionProperties) = preSolution
		HideSolutionNode = FALSE
	EndGlobalSection
	GlobalSection(ExtensibilityGlobals) = postSolution
		SolutionGuid = {72A2F622-56CA-4829-9ECB-B6647358F6E2}
	EndGlobalSection
EndGlobal
